
Microsoft Visual Studio Solution File, Format Version 12.00
# Visual Studio Version 17
VisualStudioVersion = 17.6.33712.159
MinimumVisualStudioVersion = 10.0.40219.1
Project("{FAE04EC0-301F-11D3-BF4B-00C04F79EFBC}") = "Manav_Odev", "Manav_Odev\Manav_Odev.csproj", "{BEAE6E5E-CDA7-42FD-A024-BA224F4C32E8}"
EndProject
Global
	GlobalSection(SolutionConfigurationPlatforms) = preSolution
		Debug|Any CPU = Debug|Any CPU
		Release|Any CPU = Release|Any CPU
	EndGlobalSection
	GlobalSection(ProjectConfigurationPlatforms) = postSolution
		{BEAE6E5E-CDA7-42FD-A024-BA224F4C32E8}.Debug|Any CPU.ActiveCfg = Debug|Any CPU
		{BEAE6E5E-CDA7-42FD-A024-BA224F4C32E8}.Debug|Any CPU.Build.0 = Debug|Any CPU
		{BEAE6E5E-CDA7-42FD-A024-BA224F4C32E8}.Release|Any CPU.ActiveCfg = Release|Any CPU
		{BEAE6E5E-CDA7-42FD-A024-BA224F4C32E8}.Release|Any CPU.Build.0 = Release|Any CPU
	EndGlobalSection
	GlobalSection(SolutionProperties) = preSolution
		HideSolutionNode = FALSE
	EndGlobalSection
	GlobalSection(ExtensibilityGlobals) = postSolution
		SolutionGuid = {5500C91F-4BBE-401D-B7D3-23840856AED7}
	EndGlobalSection
EndGlobal
